
Microsoft Visual Studio Solution File, Format Version 12.00
# Visual Studio Version 17
VisualStudioVersion = 17.10.35027.167
MinimumVisualStudioVersion = 10.0.40219.1
Project("{FAE04EC0-301F-11D3-BF4B-00C04F79EFBC}") = "PROYECTO 1", "PROYECTO 1.csproj", "{E06E7D13-ABE9-42ED-A8C1-475D7CBD175E}"
EndProject
Global
	GlobalSection(SolutionConfigurationPlatforms) = preSolution
		Debug|Any CPU = Debug|Any CPU
		Release|Any CPU = Release|Any CPU
	EndGlobalSection
	GlobalSection(ProjectConfigurationPlatforms) = postSolution
		{E06E7D13-ABE9-42ED-A8C1-475D7CBD175E}.Debug|Any CPU.ActiveCfg = Debug|Any CPU
		{E06E7D13-ABE9-42ED-A8C1-475D7CBD175E}.Debug|Any CPU.Build.0 = Debug|Any CPU
		{E06E7D13-ABE9-42ED-A8C1-475D7CBD175E}.Release|Any CPU.ActiveCfg = Release|Any CPU
		{E06E7D13-ABE9-42ED-A8C1-475D7CBD175E}.Release|Any CPU.Build.0 = Release|Any CPU
	EndGlobalSection
	GlobalSection(SolutionProperties) = preSolution
		HideSolutionNode = FALSE
	EndGlobalSection
	GlobalSection(ExtensibilityGlobals) = postSolution
		SolutionGuid = {F9A7F9F2-BB91-4B6D-A746-8B296E7EA268}
	EndGlobalSection
EndGlobal
